
Microsoft Visual Studio Solution File, Format Version 12.00
# Visual Studio Version 16
VisualStudioVersion = 16.0.31515.178
MinimumVisualStudioVersion = 10.0.40219.1
Project("{FAE04EC0-301F-11D3-BF4B-00C04F79EFBC}") = "Abc.Core", "Abc.Core\Abc.Core.csproj", "{15CB41B1-B4C0-497B-B61A-3AF9DBBAAE29}"
EndProject
Project("{FAE04EC0-301F-11D3-BF4B-00C04F79EFBC}") = "Abc.Northwind.Entities", "Abc.Northwind.Entities\Abc.Northwind.Entities.csproj", "{E739B00A-0AFE-41C7-85FE-851D5640AF56}"
EndProject
Project("{FAE04EC0-301F-11D3-BF4B-00C04F79EFBC}") = "Abc.Northwind.DataAccess", "Abc.Nortwind.DataAccess\Abc.Northwind.DataAccess.csproj", "{16AC0E5D-98CB-4D8C-BF37-B73ABDA66B43}"
EndProject
Project("{FAE04EC0-301F-11D3-BF4B-00C04F79EFBC}") = "Abc.Northwind.Business", "Abc.Nortwind.Business\Abc.Northwind.Business.csproj", "{A00ACC7E-DE98-49FC-9CBE-34BC70158B3F}"
EndProject
Project("{FAE04EC0-301F-11D3-BF4B-00C04F79EFBC}") = "Abc.Northwind.MvcWebUI", "Abc.Northwind.MvcWebUI\Abc.Northwind.MvcWebUI.csproj", "{A412B33B-63F4-4015-8DE2-A91F0C49DA71}"
EndProject
Global
	GlobalSection(SolutionConfigurationPlatforms) = preSolution
		Debug|Any CPU = Debug|Any CPU
		Release|Any CPU = Release|Any CPU
	EndGlobalSection
	GlobalSection(ProjectConfigurationPlatforms) = postSolution
		{15CB41B1-B4C0-497B-B61A-3AF9DBBAAE29}.Debug|Any CPU.ActiveCfg = Debug|Any CPU
		{15CB41B1-B4C0-497B-B61A-3AF9DBBAAE29}.Debug|Any CPU.Build.0 = Debug|Any CPU
		{15CB41B1-B4C0-497B-B61A-3AF9DBBAAE29}.Release|Any CPU.ActiveCfg = Release|Any CPU
		{15CB41B1-B4C0-497B-B61A-3AF9DBBAAE29}.Release|Any CPU.Build.0 = Release|Any CPU
		{E739B00A-0AFE-41C7-85FE-851D5640AF56}.Debug|Any CPU.ActiveCfg = Debug|Any CPU
		{E739B00A-0AFE-41C7-85FE-851D5640AF56}.Debug|Any CPU.Build.0 = Debug|Any CPU
		{E739B00A-0AFE-41C7-85FE-851D5640AF56}.Release|Any CPU.ActiveCfg = Release|Any CPU
		{E739B00A-0AFE-41C7-85FE-851D5640AF56}.Release|Any CPU.Build.0 = Release|Any CPU
		{16AC0E5D-98CB-4D8C-BF37-B73ABDA66B43}.Debug|Any CPU.ActiveCfg = Debug|Any CPU
		{16AC0E5D-98CB-4D8C-BF37-B73ABDA66B43}.Debug|Any CPU.Build.0 = Debug|Any CPU
		{16AC0E5D-98CB-4D8C-BF37-B73ABDA66B43}.Release|Any CPU.ActiveCfg = Release|Any CPU
		{16AC0E5D-98CB-4D8C-BF37-B73ABDA66B43}.Release|Any CPU.Build.0 = Release|Any CPU
		{A00ACC7E-DE98-49FC-9CBE-34BC70158B3F}.Debug|Any CPU.ActiveCfg = Debug|Any CPU
		{A00ACC7E-DE98-49FC-9CBE-34BC70158B3F}.Debug|Any CPU.Build.0 = Debug|Any CPU
		{A00ACC7E-DE98-49FC-9CBE-34BC70158B3F}.Release|Any CPU.ActiveCfg = Release|Any CPU
		{A00ACC7E-DE98-49FC-9CBE-34BC70158B3F}.Release|Any CPU.Build.0 = Release|Any CPU
		{A412B33B-63F4-4015-8DE2-A91F0C49DA71}.Debug|Any CPU.ActiveCfg = Debug|Any CPU
		{A412B33B-63F4-4015-8DE2-A91F0C49DA71}.Debug|Any CPU.Build.0 = Debug|Any CPU
		{A412B33B-63F4-4015-8DE2-A91F0C49DA71}.Release|Any CPU.ActiveCfg = Release|Any CPU
		{A412B33B-63F4-4015-8DE2-A91F0C49DA71}.Release|Any CPU.Build.0 = Release|Any CPU
	EndGlobalSection
	GlobalSection(SolutionProperties) = preSolution
		HideSolutionNode = FALSE
	EndGlobalSection
	GlobalSection(ExtensibilityGlobals) = postSolution
		SolutionGuid = {B06FF835-C18A-463C-AA4E-5ACD9998BF1C}
	EndGlobalSection
EndGlobal
